
Microsoft Visual Studio Solution File, Format Version 12.00
# Visual Studio Version 17
VisualStudioVersion = 17.8.34322.80
MinimumVisualStudioVersion = 10.0.40219.1
Project("{9A19103F-16F7-4668-BE54-9A1E7A4F7556}") = "ContosoPizza", "ContosoPizza.csproj", "{CFA8FCC8-1FCA-48E4-9204-BCE1A58C4539}"
EndProject
Global
	GlobalSection(SolutionConfigurationPlatforms) = preSolution
		Debug|Any CPU = Debug|Any CPU
		Release|Any CPU = Release|Any CPU
	EndGlobalSection
	GlobalSection(ProjectConfigurationPlatforms) = postSolution
		{CFA8FCC8-1FCA-48E4-9204-BCE1A58C4539}.Debug|Any CPU.ActiveCfg = Debug|Any CPU
		{CFA8FCC8-1FCA-48E4-9204-BCE1A58C4539}.Debug|Any CPU.Build.0 = Debug|Any CPU
		{CFA8FCC8-1FCA-48E4-9204-BCE1A58C4539}.Release|Any CPU.ActiveCfg = Release|Any CPU
		{CFA8FCC8-1FCA-48E4-9204-BCE1A58C4539}.Release|Any CPU.Build.0 = Release|Any CPU
	EndGlobalSection
	GlobalSection(SolutionProperties) = preSolution
		HideSolutionNode = FALSE
	EndGlobalSection
	GlobalSection(ExtensibilityGlobals) = postSolution
		SolutionGuid = {A6B19FD3-7DA2-4764-BEC4-633697F53263}
	EndGlobalSection
EndGlobal
